<?xml version="1.0" encoding="utf-8"?>
<Project ToolsVersion="4.0" xmlns="http://schemas.microsoft.com/developer/msbuild/2003">
  <ItemGroup>
    <Filter Include="소스 파일">
      <UniqueIdentifier>{4FC737F1-C7A5-4376-A066-2A32D752A2FF}</UniqueIdentifier>
      <Extensions>cpp;c;cc;cxx;def;odl;idl;hpj;bat;asm;asmx</Extensions>
    </Filter>
    <Filter Include="헤더 파일">
      <UniqueIdentifier>{93995380-89BD-4b04-88EB-625FBE52EBFB}</UniqueIdentifier>
      <Extensions>h;hh;hpp;hxx;hm;inl;inc;xsd</Extensions>
    </Filter>
    <Filter Include="리소스 파일">
      <UniqueIdentifier>{67DA6AB6-F800-4c08-8B7A-83BB121AAD01}</UniqueIdentifier>
      <Extensions>rc;ico;cur;bmp;dlg;rc2;rct;bin;rgs;gif;jpg;jpeg;jpe;resx;tiff;tif;png;wav;mfcribbon-ms</Extensions>
    </Filter>
    <Filter Include="00. MainApp">
      <UniqueIdentifier>{ec9abb72-21bc-457a-aa0d-b3714962d634}</UniqueIdentifier>
    </Filter>
    <Filter Include="01. Scene">
      <UniqueIdentifier>{e92fdd27-2885-4fa7-8f6d-ba1a0b77023c}</UniqueIdentifier>
    </Filter>
    <Filter Include="01. Scene\00. Logo">
      <UniqueIdentifier>{f8facf17-efd8-44b8-b991-fb14693f4a81}</UniqueIdentifier>
    </Filter>
    <Filter Include="02. GameObject">
      <UniqueIdentifier>{1ff9a701-33e6-4731-a9d5-80711e942c06}</UniqueIdentifier>
    </Filter>
    <Filter Include="01. Scene\01. Stage">
      <UniqueIdentifier>{46af5f2a-93cf-4f4b-b8c7-93ad1a3b1099}</UniqueIdentifier>
    </Filter>
    <Filter Include="01. Scene\02. Loading">
      <UniqueIdentifier>{918f0821-f4e5-4bc0-ac9f-aa5cb5d3c6ce}</UniqueIdentifier>
    </Filter>
    <Filter Include="02. GameObject\Logo">
      <UniqueIdentifier>{6db44654-18d1-4e1c-8f01-0f9a267f3fcd}</UniqueIdentifier>
    </Filter>
    <Filter Include="02. GameObject\Logo\00. BackGround">
      <UniqueIdentifier>{7afaa51b-be9c-4ba2-83f7-74ec72d1692b}</UniqueIdentifier>
    </Filter>
    <Filter Include="02. GameObject\Stage">
      <UniqueIdentifier>{54e9ffbb-12c5-4fb1-b035-74d36677ca99}</UniqueIdentifier>
    </Filter>
    <Filter Include="02. GameObject\Public">
      <UniqueIdentifier>{87284d43-9562-4fe4-a2bb-10110fb4f190}</UniqueIdentifier>
    </Filter>
    <Filter Include="02. GameObject\Public\00. DynamicCamera">
      <UniqueIdentifier>{67d523a0-0deb-42ed-bd13-3b92601bbb6d}</UniqueIdentifier>
    </Filter>
    <Filter Include="02. GameObject\Stage\00. Player">
      <UniqueIdentifier>{cb9e5f12-cd64-4569-8f93-857532d69389}</UniqueIdentifier>
    </Filter>
    <Filter Include="02. GameObject\Stage\01. Monster">
      <UniqueIdentifier>{6e9c756d-7b8f-40b1-9fcb-793e2a078847}</UniqueIdentifier>
    </Filter>
    <Filter Include="02. GameObject\Stage\02. Terrain">
      <UniqueIdentifier>{5fb0d45f-b1fd-4740-93f4-fa1a6e648e07}</UniqueIdentifier>
    </Filter>
    <Filter Include="02. GameObject\Public\01. StaticCamera">
      <UniqueIdentifier>{cef2bf03-51cf-40fb-891e-e3c8be50eb3c}</UniqueIdentifier>
    </Filter>
    <Filter Include="02. GameObject\Stage\03. SkyBox">
      <UniqueIdentifier>{32b87619-5c66-438a-a7ca-a27699e5dda9}</UniqueIdentifier>
    </Filter>
    <Filter Include="02. GameObject\Stage\04. Boss">
      <UniqueIdentifier>{b34ae7ac-6565-446d-9250-93072dadc6e3}</UniqueIdentifier>
    </Filter>
    <Filter Include="02. GameObject\Stage\04. Boss\Docheol%28도철%29">
      <UniqueIdentifier>{cff878e1-735b-4958-ab82-96db3b9edff7}</UniqueIdentifier>
    </Filter>
    <Filter Include="02. GameObject\Stage\04. Boss\Doewole%28도울%29">
      <UniqueIdentifier>{5b2c8789-60a6-45fe-b31f-acfa35e2e283}</UniqueIdentifier>
    </Filter>
    <Filter Include="02. GameObject\Stage\04. Boss\Doewole%28도울%29\Doewole_Body">
      <UniqueIdentifier>{17fcc34f-c011-46b5-bc78-0600119e1857}</UniqueIdentifier>
    </Filter>
    <Filter Include="02. GameObject\Stage\04. Boss\Doewole%28도울%29\Doewole_LeftClaw">
      <UniqueIdentifier>{80a76e5c-2c6f-4ab2-99bd-5612d101fc29}</UniqueIdentifier>
    </Filter>
    <Filter Include="02. GameObject\Stage\04. Boss\Doewole%28도울%29\Doewole_RightClaw">
      <UniqueIdentifier>{17466def-7b60-49c5-b7da-c2f69eaf13f0}</UniqueIdentifier>
    </Filter>
    <Filter Include="02. GameObject\Stage\04. Boss\Doewole%28도울%29\Doewole_Shadow">
      <UniqueIdentifier>{807adef6-901a-454e-943a-f5b035993262}</UniqueIdentifier>
    </Filter>
    <Filter Include="02. GameObject\Stage\05. Effect">
      <UniqueIdentifier>{f01d1408-2754-4e55-95a8-41304389107a}</UniqueIdentifier>
    </Filter>
    <Filter Include="02. GameObject\Stage\01. Monster\Normal">
      <UniqueIdentifier>{30b8516d-e1be-4034-bfab-9daafefb3e7a}</UniqueIdentifier>
    </Filter>
    <Filter Include="02. GameObject\Stage\01. Monster\Normal\01. GreenEvilSlime">
      <UniqueIdentifier>{ada8c2d0-e007-4c6f-8eb2-208acf9bc111}</UniqueIdentifier>
    </Filter>
    <Filter Include="02. GameObject\Stage\01. Monster\Normal\02. EvilSoul">
      <UniqueIdentifier>{1ff17b45-7bd4-411c-9a67-8d97e4bf6e64}</UniqueIdentifier>
    </Filter>
    <Filter Include="02. GameObject\Stage\01. Monster\Normal\03. MutationEvilSoul">
      <UniqueIdentifier>{559a6513-8043-422e-b8b7-16fd337233fb}</UniqueIdentifier>
    </Filter>
    <Filter Include="02. GameObject\Stage\04. Bullet">
      <UniqueIdentifier>{c973a802-feaa-463f-acb4-04848cd12e95}</UniqueIdentifier>
    </Filter>
    <Filter Include="02. GameObject\Stage\00. Player\00.Ghost">
      <UniqueIdentifier>{be1bd0ad-ef2d-47b5-9590-ab0590e6ecdf}</UniqueIdentifier>
    </Filter>
    <Filter Include="02. GameObject\Stage\00. Player\00.Ghost\00.GhostChild">
      <UniqueIdentifier>{4fb0c3ec-0201-4658-8aae-9fb7b443bfc2}</UniqueIdentifier>
    </Filter>
    <Filter Include="02. GameObject\Stage\05. Effect\Doewole">
      <UniqueIdentifier>{03bf1761-35f1-41a2-af5a-9acd24352384}</UniqueIdentifier>
    </Filter>
    <Filter Include="02. GameObject\Stage\05. Effect\Doewole\Doewole_StanardAttack">
      <UniqueIdentifier>{a14153e5-5370-4998-bd47-0bc6473c097c}</UniqueIdentifier>
    </Filter>
    <Filter Include="02. GameObject\Stage\05. Effect\Doewole\Doewole_Vanish">
      <UniqueIdentifier>{f5f187b6-5535-44df-9a28-78264420821b}</UniqueIdentifier>
    </Filter>
    <Filter Include="02. GameObject\Stage\05. Effect\Doewole\Doewole_ChargeExplosion">
      <UniqueIdentifier>{c3b0862e-6e40-4662-92fa-e9e47dd3da12}</UniqueIdentifier>
    </Filter>
    <Filter Include="02. GameObject\Stage\05. Effect\Doewole\Doewole_Loof">
      <UniqueIdentifier>{3e17701b-bda0-432b-9d94-ca28551107b7}</UniqueIdentifier>
    </Filter>
    <Filter Include="02. GameObject\Stage\04. Bullet\02. MonsterBullet">
      <UniqueIdentifier>{b1ff82c3-5c0b-4a09-8163-ced23f724f8c}</UniqueIdentifier>
    </Filter>
    <Filter Include="02. GameObject\Stage\09. FrontUi">
      <UniqueIdentifier>{68966fc0-0041-41c6-96b5-8add31f163f9}</UniqueIdentifier>
    </Filter>
    <Filter Include="02. GameObject\Stage\00. Player\01. Bow">
      <UniqueIdentifier>{8adc4901-34ff-4323-8983-872eae011c15}</UniqueIdentifier>
    </Filter>
    <Filter Include="02. GameObject\Stage\00. Player\02. Arrow">
      <UniqueIdentifier>{7212b29b-9a49-4367-a30f-1e5e9412671d}</UniqueIdentifier>
    </Filter>
    <Filter Include="02. GameObject\Stage\00. Player\01. Bow\00.SylphBow">
      <UniqueIdentifier>{21576022-ecb1-4668-aa1a-4c50360444fc}</UniqueIdentifier>
    </Filter>
    <Filter Include="02. GameObject\Stage\00. Player\02. Arrow\Sylph%27s Arrow">
      <UniqueIdentifier>{087f1de0-a0e0-4b2c-9a98-9beb0eb9b4f4}</UniqueIdentifier>
    </Filter>
    <Filter Include="02. GameObject\Stage\05. Effect\Doewole\Doewole_ChargeCircle">
      <UniqueIdentifier>{8583d3ad-ba1d-4bc8-ade2-f1637e2678ab}</UniqueIdentifier>
    </Filter>
    <Filter Include="02. GameObject\Stage\04. Bullet\03. DoewoleBullet">
      <UniqueIdentifier>{7d62cecd-1cf3-447e-8082-b724fed2139b}</UniqueIdentifier>
    </Filter>
    <Filter Include="02. GameObject\Stage\04. Bullet\03. DoewoleBullet\Circle">
      <UniqueIdentifier>{9dd01f15-86a8-4baa-ae59-921bc42247cb}</UniqueIdentifier>
    </Filter>
    <Filter Include="02. GameObject\Stage\04. Bullet\03. DoewoleBullet\Standard">
      <UniqueIdentifier>{4bf52f8c-9c0e-42b3-8c3b-ca3cd26057aa}</UniqueIdentifier>
    </Filter>
    <Filter Include="02. GameObject\Stage\04. Bullet\03. DoewoleBullet\SwordShot">
      <UniqueIdentifier>{0dd96ab2-49e5-4305-a35e-aba0a4b0aec4}</UniqueIdentifier>
    </Filter>
    <Filter Include="02. GameObject\Stage\05. Effect\Doewole\Doewole_Slam">
      <UniqueIdentifier>{7640ba89-e667-4f5b-833f-fd25d9820279}</UniqueIdentifier>
    </Filter>
    <Filter Include="02. GameObject\Stage\05. Effect\AlertCircle">
      <UniqueIdentifier>{45d31adc-bf3a-490a-8205-fd17e8b55550}</UniqueIdentifier>
    </Filter>
    <Filter Include="02. GameObject\Stage\00. Player\01. Bow\00.SylphBow\00.SylphBowPair">
      <UniqueIdentifier>{ef9af6bf-a187-4404-ac54-37f9c9f34006}</UniqueIdentifier>
    </Filter>
    <Filter Include="02. GameObject\Stage\05. Effect\Player_Effect">
      <UniqueIdentifier>{4ac67ed4-d38a-42a1-b967-80d49c024435}</UniqueIdentifier>
    </Filter>
    <Filter Include="02. GameObject\Stage\05. Effect\Player_Effect\00. Bow_Pulse">
      <UniqueIdentifier>{7512139a-306f-431d-948a-7ef77e75d080}</UniqueIdentifier>
    </Filter>
    <Filter Include="02. GameObject\Stage\05. Effect\Player_Effect\01. Bow_Charge">
      <UniqueIdentifier>{5b8cdc17-5b82-417b-a962-99df72308db7}</UniqueIdentifier>
    </Filter>
    <Filter Include="02. GameObject\Stage\09. FrontUi\01. Status">
      <UniqueIdentifier>{99b687eb-a21d-4fde-94bd-1063bbe03b9e}</UniqueIdentifier>
    </Filter>
    <Filter Include="02. GameObject\Stage\09. FrontUi\01. Status\01. Status_Hp">
      <UniqueIdentifier>{76271434-6a2c-4fe2-97d2-4c5af5312647}</UniqueIdentifier>
    </Filter>
    <Filter Include="02. GameObject\Stage\09. FrontUi\01. Status\02. Status_Energy">
      <UniqueIdentifier>{4f582268-e583-41d5-80ea-1e384efed8b3}</UniqueIdentifier>
    </Filter>
    <Filter Include="02. GameObject\Stage\09. FrontUi\01. Status\03. Status_Key">
      <UniqueIdentifier>{0ecc862b-0458-4d81-b7f4-5665a9ec38f2}</UniqueIdentifier>
    </Filter>
    <Filter Include="02. GameObject\Stage\09. FrontUi\01. Status\04. Status_Money">
      <UniqueIdentifier>{7532db20-97af-45da-ba02-d8fc87c5fcda}</UniqueIdentifier>
    </Filter>
    <Filter Include="02. GameObject\Stage\09. FrontUi\01. Status\05. Status_Gem">
      <UniqueIdentifier>{f92304e8-d45a-412a-9971-2903e3a6e1b2}</UniqueIdentifier>
    </Filter>
    <Filter Include="02. GameObject\Stage\09. FrontUi\01. Status\06. Status_Back">
      <UniqueIdentifier>{0d3a8462-72a7-44c2-af82-ffc316225865}</UniqueIdentifier>
    </Filter>
    <Filter Include="02. GameObject\Stage\09. FrontUi\02. Apostle">
      <UniqueIdentifier>{5703187b-fca8-46a1-bdab-73348b980c3f}</UniqueIdentifier>
    </Filter>
    <Filter Include="02. GameObject\Stage\09. FrontUi\02. Apostle\02. Apostle_Pattern">
      <UniqueIdentifier>{b9b48017-1066-4afb-ae71-208dff461a0c}</UniqueIdentifier>
    </Filter>
    <Filter Include="02. GameObject\Stage\09. FrontUi\02. Apostle\04. Apostle_Count">
      <UniqueIdentifier>{2e43acab-ea05-4418-b52e-71c18c188a08}</UniqueIdentifier>
    </Filter>
    <Filter Include="02. GameObject\Stage\09. FrontUi\02. Apostle\01. Apostle_Frame">
      <UniqueIdentifier>{69aca4d3-e27e-4481-be21-9b3044ed4cb0}</UniqueIdentifier>
    </Filter>
    <Filter Include="02. GameObject\Stage\09. FrontUi\02. Apostle\05. Apostle_Frame_Back">
      <UniqueIdentifier>{05811b4d-9baa-4258-9f6a-1279122b0c8b}</UniqueIdentifier>
    </Filter>
    <Filter Include="02. GameObject\Stage\09. FrontUi\02. Apostle\03. Apostle_Key_Q">
      <UniqueIdentifier>{73804958-6c78-4470-91fd-d6b6cafe3af5}</UniqueIdentifier>
    </Filter>
    <Filter Include="02. GameObject\Stage\09. FrontUi\02. Apostle\06. Apostle_Glow">
      <UniqueIdentifier>{ace4c5f1-87d0-421e-a511-a6765fa1a751}</UniqueIdentifier>
    </Filter>
    <Filter Include="02. GameObject\Stage\09. FrontUi\03. MiniMap">
      <UniqueIdentifier>{5b0acbdb-5c4d-4f27-9c25-06285547e9c5}</UniqueIdentifier>
    </Filter>
    <Filter Include="02. GameObject\Stage\09. FrontUi\04. QuickSlot">
      <UniqueIdentifier>{940fa1ec-c9ab-4021-9444-e2f0cdef5f02}</UniqueIdentifier>
    </Filter>
    <Filter Include="02. GameObject\Stage\09. FrontUi\04. QuickSlot\01. QuickSlot_WeaponImg">
      <UniqueIdentifier>{91fb10f8-1f19-48b9-8ab2-36592ed22f11}</UniqueIdentifier>
    </Filter>
    <Filter Include="02. GameObject\Stage\09. FrontUi\04. QuickSlot\03. QuickSlot_WeaponImg_Back">
      <UniqueIdentifier>{333ccd09-32ff-46d5-86b8-fefea12c555e}</UniqueIdentifier>
    </Filter>
    <Filter Include="02. GameObject\Stage\09. FrontUi\04. QuickSlot\04. QuickSlot_ArrowCount_Back">
      <UniqueIdentifier>{c58cc518-693a-4fe2-b601-10b465a91b2f}</UniqueIdentifier>
    </Filter>
    <Filter Include="02. GameObject\Stage\09. FrontUi\04. QuickSlot\02. QuickSlot_ArrowCount_Infi">
      <UniqueIdentifier>{aafdcc9c-36ad-4974-b574-d42ca1331b53}</UniqueIdentifier>
    </Filter>
    <Filter Include="02. GameObject\Stage\09. FrontUi\03. MiniMap\01. MiniMap_Back">
      <UniqueIdentifier>{a1a03604-5707-4065-ab24-df4ef14c7e1a}</UniqueIdentifier>
    </Filter>
    <Filter Include="02. GameObject\Stage\09. FrontUi\03. MiniMap\02. MiniMap_Gage">
      <UniqueIdentifier>{16cedab8-c357-40a6-9bef-00a9a705b5b4}</UniqueIdentifier>
    </Filter>
    <Filter Include="03. Manager">
      <UniqueIdentifier>{59888cd2-6609-4fdc-bb2c-d9cea2c868a2}</UniqueIdentifier>
    </Filter>
    <Filter Include="02. GameObject\Stage\00. Player\02. Arrow\Sylph%27s Charge Arrow">
      <UniqueIdentifier>{fed404c0-c5fa-4696-9f3b-be25825ea02e}</UniqueIdentifier>
    </Filter>
    <Filter Include="02. GameObject\Stage\05. Effect\Player_Effect\02. Arrow_Hit">
      <UniqueIdentifier>{3fedde5c-7ec4-4c08-91b2-5d9d5c59b6bd}</UniqueIdentifier>
    </Filter>
    <Filter Include="02. GameObject\Stage\10. LandScape">
      <UniqueIdentifier>{e85a24ad-c04d-4598-9860-06341f347d21}</UniqueIdentifier>
    </Filter>
    <Filter Include="02. GameObject\Stage\10. LandScape\00. StaticObject">
      <UniqueIdentifier>{3d852bc1-4994-495e-be02-9ce286ab4a3d}</UniqueIdentifier>
    </Filter>
    <Filter Include="02. GameObject\Stage\10. LandScape\01. DynamicObject">
      <UniqueIdentifier>{fd00f0b5-3b0e-4407-b7ee-82145afdef38}</UniqueIdentifier>
    </Filter>
    <Filter Include="02. GameObject\Stage\04. Bullet\03. DoewoleBullet\SwordShot2">
      <UniqueIdentifier>{693a9bff-0f4e-4ac0-b9db-3ece07092d50}</UniqueIdentifier>
    </Filter>
    <Filter Include="02. GameObject\Stage\04. Bullet\03. DoewoleBullet\Thorn">
      <UniqueIdentifier>{22f39940-a97e-4ec8-80aa-16812d30b94a}</UniqueIdentifier>
    </Filter>
    <Filter Include="02. GameObject\Stage\05. Effect\AlertRect">
      <UniqueIdentifier>{f3fff3bb-d4d2-4271-9876-eddf72ddf14e}</UniqueIdentifier>
    </Filter>
    <Filter Include="02. GameObject\Stage\05. Effect\Doewole\Doewole_Hurt">
      <UniqueIdentifier>{cb173f2c-300c-4ed6-90c3-56a7aeceac1f}</UniqueIdentifier>
    </Filter>
    <Filter Include="03. Manager\KeyMgr">
      <UniqueIdentifier>{935a21c9-fbd4-476d-8ffc-157f3e3de61b}</UniqueIdentifier>
    </Filter>
    <Filter Include="03. Manager\Damage_Font_Mgr">
      <UniqueIdentifier>{f9ff5cc6-2306-403b-8253-8938880d18e1}</UniqueIdentifier>
    </Filter>
    <Filter Include="02. GameObject\Stage\05. Effect\Player_Effect\03. Damage_Font">
      <UniqueIdentifier>{a347e3d1-cee5-4b2e-87e1-57082f2ecd6b}</UniqueIdentifier>
    </Filter>
    <Filter Include="02. GameObject\Stage\05. Effect\Player_Effect\04.Effect_Foot">
      <UniqueIdentifier>{7b1b6a15-aad0-4208-a075-fab2ab93cd60}</UniqueIdentifier>
    </Filter>
    <Filter Include="02. GameObject\Stage\00. Player\03. Shadow">
      <UniqueIdentifier>{03ea0a4a-85df-4497-9a7e-5d487fe22c7c}</UniqueIdentifier>
    </Filter>
  </ItemGroup>
  <ItemGroup>
    <Text Include="ReadMe.txt" />
  </ItemGroup>
  <ItemGroup>
    <ClInclude Include="stdafx.h">
      <Filter>헤더 파일</Filter>
    </ClInclude>
    <ClInclude Include="targetver.h">
      <Filter>헤더 파일</Filter>
    </ClInclude>
    <ClInclude Include="Resource.h">
      <Filter>헤더 파일</Filter>
    </ClInclude>
    <ClInclude Include="Client.h">
      <Filter>헤더 파일</Filter>
    </ClInclude>
    <ClInclude Include="..\Header\MainApp.h">
      <Filter>00. MainApp</Filter>
    </ClInclude>
    <ClInclude Include="..\Header\Logo.h">
      <Filter>01. Scene\00. Logo</Filter>
    </ClInclude>
    <ClInclude Include="..\Header\BackGround.h">
      <Filter>02. GameObject\Logo\00. BackGround</Filter>
    </ClInclude>
    <ClInclude Include="..\Header\Player.h">
      <Filter>02. GameObject\Stage\00. Player</Filter>
    </ClInclude>
    <ClInclude Include="..\Header\Monster.h">
      <Filter>02. GameObject\Stage\01. Monster</Filter>
    </ClInclude>
    <ClInclude Include="..\Header\Terrain.h">
      <Filter>02. GameObject\Stage\02. Terrain</Filter>
    </ClInclude>
    <ClInclude Include="..\Header\Stage.h">
      <Filter>01. Scene\01. Stage</Filter>
    </ClInclude>
    <ClInclude Include="..\Header\Loading.h">
      <Filter>01. Scene\02. Loading</Filter>
    </ClInclude>
    <ClInclude Include="..\Header\DynamicCamera.h">
      <Filter>02. GameObject\Public\00. DynamicCamera</Filter>
    </ClInclude>
    <ClInclude Include="..\Header\StaticCamera.h">
      <Filter>02. GameObject\Public\01. StaticCamera</Filter>
    </ClInclude>
    <ClInclude Include="..\Header\SkyBox.h">
      <Filter>02. GameObject\Stage\03. SkyBox</Filter>
    </ClInclude>
    <ClInclude Include="..\Header\Ghost.h">
      <Filter>02. GameObject\Stage\00. Player\00.Ghost</Filter>
    </ClInclude>
    <ClInclude Include="..\Header\GhostChild.h">
      <Filter>02. GameObject\Stage\00. Player\00.Ghost\00.GhostChild</Filter>
    </ClInclude>
    <ClInclude Include="..\Header\Boss.h">
      <Filter>02. GameObject\Stage\04. Boss</Filter>
    </ClInclude>
    <ClInclude Include="..\Header\Doewole.h">
      <Filter>02. GameObject\Stage\04. Boss\Doewole%28도울%29</Filter>
    </ClInclude>
    <ClInclude Include="..\Header\Doewole_Body.h">
      <Filter>02. GameObject\Stage\04. Boss\Doewole%28도울%29\Doewole_Body</Filter>
    </ClInclude>
    <ClInclude Include="..\Header\Doewole_Shadow.h">
      <Filter>02. GameObject\Stage\04. Boss\Doewole%28도울%29\Doewole_Shadow</Filter>
    </ClInclude>
    <ClInclude Include="..\Header\Doewole_LeftClaw.h">
      <Filter>02. GameObject\Stage\04. Boss\Doewole%28도울%29\Doewole_LeftClaw</Filter>
    </ClInclude>
    <ClInclude Include="..\Header\Effect.h">
      <Filter>02. GameObject\Stage\05. Effect</Filter>
    </ClInclude>
    <ClInclude Include="..\Header\Effect_Doewole_Vanish.h">
      <Filter>02. GameObject\Stage\05. Effect\Doewole\Doewole_Vanish</Filter>
    </ClInclude>
    <ClInclude Include="..\Header\GreenEvilSlime.h">
      <Filter>02. GameObject\Stage\01. Monster\Normal\01. GreenEvilSlime</Filter>
    </ClInclude>
    <ClInclude Include="..\Header\EvilSoul.h">
      <Filter>02. GameObject\Stage\01. Monster\Normal\02. EvilSoul</Filter>
    </ClInclude>
    <ClInclude Include="..\Header\MutationEvilSoul.h">
      <Filter>02. GameObject\Stage\01. Monster\Normal\03. MutationEvilSoul</Filter>
    </ClInclude>
    <ClInclude Include="..\Header\Bullet.h">
      <Filter>02. GameObject\Stage\04. Bullet</Filter>
    </ClInclude>
    <ClInclude Include="..\Header\Effect_Doewole_StandardAttack.h">
      <Filter>02. GameObject\Stage\05. Effect\Doewole\Doewole_StanardAttack</Filter>
    </ClInclude>
    <ClInclude Include="..\Header\Doewole_RightClaw.h">
      <Filter>02. GameObject\Stage\04. Boss\Doewole%28도울%29\Doewole_RightClaw</Filter>
    </ClInclude>
    <ClInclude Include="..\Header\Effect_Doewole_ChargeExplosion.h">
      <Filter>02. GameObject\Stage\05. Effect\Doewole\Doewole_ChargeExplosion</Filter>
    </ClInclude>
    <ClInclude Include="..\Header\Effect_Doewole_Loof.h">
      <Filter>02. GameObject\Stage\05. Effect\Doewole\Doewole_Loof</Filter>
    </ClInclude>
    <ClInclude Include="..\Header\MonsterBullet.h">
      <Filter>02. GameObject\Stage\04. Bullet\02. MonsterBullet</Filter>
    </ClInclude>
    <ClInclude Include="..\Header\MonsterBullet_2.h">
      <Filter>02. GameObject\Stage\04. Bullet\02. MonsterBullet</Filter>
    </ClInclude>
    <ClInclude Include="..\Header\FrontUi.h">
      <Filter>02. GameObject\Stage\09. FrontUi</Filter>
    </ClInclude>
    <ClInclude Include="..\Header\Status.h">
      <Filter>02. GameObject\Stage\09. FrontUi\01. Status</Filter>
    </ClInclude>
    <ClInclude Include="..\Header\Status_Energy.h">
      <Filter>02. GameObject\Stage\09. FrontUi\01. Status\02. Status_Energy</Filter>
    </ClInclude>
    <ClInclude Include="..\Header\Status_Hp.h">
      <Filter>02. GameObject\Stage\09. FrontUi\01. Status\01. Status_Hp</Filter>
    </ClInclude>
    <ClInclude Include="..\Header\Status_Key.h">
      <Filter>02. GameObject\Stage\09. FrontUi\01. Status\03. Status_Key</Filter>
    </ClInclude>
    <ClInclude Include="..\Header\Arrow.h">
      <Filter>02. GameObject\Stage\00. Player\02. Arrow</Filter>
    </ClInclude>
    <ClInclude Include="..\Header\SylphArrow.h">
      <Filter>02. GameObject\Stage\00. Player\02. Arrow\Sylph%27s Arrow</Filter>
    </ClInclude>
    <ClInclude Include="..\Header\Bow.h">
      <Filter>02. GameObject\Stage\00. Player\01. Bow</Filter>
    </ClInclude>
    <ClInclude Include="..\Header\SylphBow.h">
      <Filter>02. GameObject\Stage\00. Player\01. Bow\00.SylphBow</Filter>
    </ClInclude>
    <ClInclude Include="..\Header\SylphBowPair.h">
      <Filter>02. GameObject\Stage\00. Player\01. Bow\00.SylphBow\00.SylphBowPair</Filter>
    </ClInclude>
    <ClInclude Include="..\Header\Effect_Doewole_ChargeCircle.h">
      <Filter>02. GameObject\Stage\05. Effect\Doewole\Doewole_ChargeCircle</Filter>
    </ClInclude>
    <ClInclude Include="..\Header\DoewoleBullet_Standard.h">
      <Filter>02. GameObject\Stage\04. Bullet\03. DoewoleBullet\Standard</Filter>
    </ClInclude>
    <ClInclude Include="..\Header\DoewoleBullet_SwordShot.h">
      <Filter>02. GameObject\Stage\04. Bullet\03. DoewoleBullet\SwordShot</Filter>
    </ClInclude>
    <ClInclude Include="..\Header\DoewoleBullet_Circle.h">
      <Filter>02. GameObject\Stage\04. Bullet\03. DoewoleBullet\Circle</Filter>
    </ClInclude>
    <ClInclude Include="..\Header\Effect_Doewole_Slam.h">
      <Filter>02. GameObject\Stage\05. Effect\Doewole\Doewole_Slam</Filter>
    </ClInclude>
    <ClInclude Include="..\Header\Effect_AlertCircle.h">
      <Filter>02. GameObject\Stage\05. Effect\AlertCircle</Filter>
    </ClInclude>
    <ClInclude Include="..\Header\Effect_Player_Bow_Pulse.h">
      <Filter>02. GameObject\Stage\05. Effect\Player_Effect\00. Bow_Pulse</Filter>
    </ClInclude>
    <ClInclude Include="..\Header\Status_Money.h">
      <Filter>02. GameObject\Stage\09. FrontUi\01. Status\04. Status_Money</Filter>
    </ClInclude>
    <ClInclude Include="..\Header\Status_Gem.h">
      <Filter>02. GameObject\Stage\09. FrontUi\01. Status\05. Status_Gem</Filter>
    </ClInclude>
    <ClInclude Include="..\Header\Status_Back.h">
      <Filter>02. GameObject\Stage\09. FrontUi\01. Status\06. Status_Back</Filter>
    </ClInclude>
    <ClInclude Include="..\Header\Apostle.h">
      <Filter>02. GameObject\Stage\09. FrontUi\02. Apostle</Filter>
    </ClInclude>
    <ClInclude Include="..\Header\Apostle_Frame_Back.h">
      <Filter>02. GameObject\Stage\09. FrontUi\02. Apostle\05. Apostle_Frame_Back</Filter>
    </ClInclude>
    <ClInclude Include="..\Header\Apostle_Frame.h">
      <Filter>02. GameObject\Stage\09. FrontUi\02. Apostle\01. Apostle_Frame</Filter>
    </ClInclude>
    <ClInclude Include="..\Header\Apostle_Key_Q.h">
      <Filter>02. GameObject\Stage\09. FrontUi\02. Apostle\03. Apostle_Key_Q</Filter>
    </ClInclude>
    <ClInclude Include="..\Header\Apostle_Pattern.h">
      <Filter>02. GameObject\Stage\09. FrontUi\02. Apostle\02. Apostle_Pattern</Filter>
    </ClInclude>
    <ClInclude Include="..\Header\Apostle_Count.h">
      <Filter>02. GameObject\Stage\09. FrontUi\02. Apostle\04. Apostle_Count</Filter>
    </ClInclude>
    <ClInclude Include="..\Header\Apostle_Pattern_Glow.h">
      <Filter>02. GameObject\Stage\09. FrontUi\02. Apostle\06. Apostle_Glow</Filter>
    </ClInclude>
    <ClInclude Include="..\Header\QuickSlot.h">
      <Filter>02. GameObject\Stage\09. FrontUi\04. QuickSlot</Filter>
    </ClInclude>
    <ClInclude Include="..\Header\QuickSlot_WeaponImg_Back.h">
      <Filter>02. GameObject\Stage\09. FrontUi\04. QuickSlot\03. QuickSlot_WeaponImg_Back</Filter>
    </ClInclude>
    <ClInclude Include="..\Header\QuickSlot_WeaponImg.h">
      <Filter>02. GameObject\Stage\09. FrontUi\04. QuickSlot\01. QuickSlot_WeaponImg</Filter>
    </ClInclude>
    <ClInclude Include="..\Header\QuickSlot_ArrowCount_Infi.h">
      <Filter>02. GameObject\Stage\09. FrontUi\04. QuickSlot\02. QuickSlot_ArrowCount_Infi</Filter>
    </ClInclude>
    <ClInclude Include="..\Header\MiniMap.h">
      <Filter>02. GameObject\Stage\09. FrontUi\03. MiniMap</Filter>
    </ClInclude>
    <ClInclude Include="..\Header\MiniMap_Back.h">
      <Filter>02. GameObject\Stage\09. FrontUi\03. MiniMap\01. MiniMap_Back</Filter>
    </ClInclude>
    <ClInclude Include="..\Header\MiniMap_Gage.h">
      <Filter>02. GameObject\Stage\09. FrontUi\03. MiniMap\02. MiniMap_Gage</Filter>
    </ClInclude>
    <ClInclude Include="..\Header\Effect_Player_Bow_Charge.h">
      <Filter>02. GameObject\Stage\05. Effect\Player_Effect\01. Bow_Charge</Filter>
    </ClInclude>
    <ClInclude Include="..\Header\SylphChargeArrow.h">
      <Filter>02. GameObject\Stage\00. Player\02. Arrow\Sylph%27s Charge Arrow</Filter>
    </ClInclude>
    <ClInclude Include="..\Header\Effect_Player_Arrow_Hit.h">
      <Filter>02. GameObject\Stage\05. Effect\Player_Effect\02. Arrow_Hit</Filter>
    </ClInclude>
    <ClInclude Include="..\Header\Landscape.h">
      <Filter>02. GameObject\Stage\10. LandScape</Filter>
    </ClInclude>
    <ClInclude Include="..\Header\StaticObject.h">
      <Filter>02. GameObject\Stage\10. LandScape\00. StaticObject</Filter>
    </ClInclude>
    <ClInclude Include="..\Header\DynamicObject.h">
      <Filter>02. GameObject\Stage\10. LandScape\01. DynamicObject</Filter>
    </ClInclude>
    <ClInclude Include="..\Header\DoewoleBullet_SwordShot2.h">
      <Filter>02. GameObject\Stage\04. Bullet\03. DoewoleBullet\SwordShot2</Filter>
    </ClInclude>
    <ClInclude Include="..\Header\DoewoleBullet_Thorn.h">
      <Filter>02. GameObject\Stage\04. Bullet\03. DoewoleBullet\Thorn</Filter>
    </ClInclude>
    <ClInclude Include="..\Header\Effect_AlertRect.h">
      <Filter>02. GameObject\Stage\05. Effect\AlertRect</Filter>
    </ClInclude>
    <ClInclude Include="..\Header\Effect_Doewole_Hurt.h">
      <Filter>02. GameObject\Stage\05. Effect\Doewole\Doewole_Hurt</Filter>
    </ClInclude>
    <ClInclude Include="..\Header\KeyMgr.h">
      <Filter>03. Manager\KeyMgr</Filter>
    </ClInclude>
    <ClInclude Include="..\Header\Effect_Player_Damage_Font.h">
      <Filter>02. GameObject\Stage\05. Effect\Player_Effect\03. Damage_Font</Filter>
    </ClInclude>
    <ClInclude Include="..\Header\Effect_Player_Foot.h">
      <Filter>02. GameObject\Stage\05. Effect\Player_Effect\04.Effect_Foot</Filter>
    </ClInclude>
    <ClInclude Include="..\Header\Player_Shadow.h">
      <Filter>02. GameObject\Stage\00. Player\03. Shadow</Filter>
    </ClInclude>
  </ItemGroup>
  <ItemGroup>
    <ClCompile Include="stdafx.cpp">
      <Filter>소스 파일</Filter>
    </ClCompile>
    <ClCompile Include="Client.cpp">
      <Filter>소스 파일</Filter>
    </ClCompile>
    <ClCompile Include="..\Code\MainApp.cpp">
      <Filter>00. MainApp</Filter>
    </ClCompile>
    <ClCompile Include="..\Code\Logo.cpp">
      <Filter>01. Scene\00. Logo</Filter>
    </ClCompile>
    <ClCompile Include="..\Code\BackGround.cpp">
      <Filter>02. GameObject\Logo\00. BackGround</Filter>
    </ClCompile>
    <ClCompile Include="..\Code\Player.cpp">
      <Filter>02. GameObject\Stage\00. Player</Filter>
    </ClCompile>
    <ClCompile Include="..\Code\Monster.cpp">
      <Filter>02. GameObject\Stage\01. Monster</Filter>
    </ClCompile>
    <ClCompile Include="..\Code\Terrain.cpp">
      <Filter>02. GameObject\Stage\02. Terrain</Filter>
    </ClCompile>
    <ClCompile Include="..\Code\Stage.cpp">
      <Filter>01. Scene\01. Stage</Filter>
    </ClCompile>
    <ClCompile Include="..\Code\Loading.cpp">
      <Filter>01. Scene\02. Loading</Filter>
    </ClCompile>
    <ClCompile Include="..\Code\DynamicCamera.cpp">
      <Filter>02. GameObject\Public\00. DynamicCamera</Filter>
    </ClCompile>
    <ClCompile Include="..\Code\StaticCamera.cpp">
      <Filter>02. GameObject\Public\01. StaticCamera</Filter>
    </ClCompile>
    <ClCompile Include="..\Code\SkyBox.cpp">
      <Filter>02. GameObject\Stage\03. SkyBox</Filter>
    </ClCompile>
    <ClCompile Include="..\Code\Boss.cpp">
      <Filter>02. GameObject\Stage\04. Boss</Filter>
    </ClCompile>
    <ClCompile Include="..\Code\Doewole.cpp">
      <Filter>02. GameObject\Stage\04. Boss\Doewole%28도울%29</Filter>
    </ClCompile>
    <ClCompile Include="..\Code\Doewole_Body.cpp">
      <Filter>02. GameObject\Stage\04. Boss\Doewole%28도울%29\Doewole_Body</Filter>
    </ClCompile>
    <ClCompile Include="..\Code\Doewole_Shadow.cpp">
      <Filter>02. GameObject\Stage\04. Boss\Doewole%28도울%29\Doewole_Shadow</Filter>
    </ClCompile>
    <ClCompile Include="..\Code\Doewole_LeftClaw.cpp">
      <Filter>02. GameObject\Stage\04. Boss\Doewole%28도울%29\Doewole_LeftClaw</Filter>
    </ClCompile>
    <ClCompile Include="..\Code\Doewole_RightClaw.cpp">
      <Filter>02. GameObject\Stage\04. Boss\Doewole%28도울%29\Doewole_RightClaw</Filter>
    </ClCompile>
    <ClCompile Include="..\Code\Effect.cpp">
      <Filter>02. GameObject\Stage\05. Effect</Filter>
    </ClCompile>
    <ClCompile Include="..\Code\Effect_Doewole_Vanish.cpp">
      <Filter>02. GameObject\Stage\05. Effect\Doewole\Doewole_Vanish</Filter>
    </ClCompile>
    <ClCompile Include="..\Code\GreenEvilSlime.cpp">
      <Filter>02. GameObject\Stage\01. Monster\Normal\01. GreenEvilSlime</Filter>
    </ClCompile>
    <ClCompile Include="..\Code\EvilSoul.cpp">
      <Filter>02. GameObject\Stage\01. Monster\Normal\02. EvilSoul</Filter>
    </ClCompile>
    <ClCompile Include="..\Code\MutationEvilSoul.cpp">
      <Filter>02. GameObject\Stage\01. Monster\Normal\03. MutationEvilSoul</Filter>
    </ClCompile>
    <ClCompile Include="..\Code\Bullet.cpp">
      <Filter>02. GameObject\Stage\04. Bullet</Filter>
    </ClCompile>
    <ClCompile Include="..\Code\Ghost.cpp">
      <Filter>02. GameObject\Stage\00. Player\00.Ghost</Filter>
    </ClCompile>
    <ClCompile Include="..\Code\GhostChild.cpp">
      <Filter>02. GameObject\Stage\00. Player\00.Ghost\00.GhostChild</Filter>
    </ClCompile>
    <ClCompile Include="..\Code\Effect_Doewole_StandardAttack.cpp">
      <Filter>02. GameObject\Stage\05. Effect\Doewole\Doewole_StanardAttack</Filter>
    </ClCompile>
    <ClCompile Include="..\Code\Effect_Doewole_ChargeExplosion.cpp">
      <Filter>02. GameObject\Stage\05. Effect\Doewole\Doewole_ChargeExplosion</Filter>
    </ClCompile>
    <ClCompile Include="..\Code\Effect_Doewole_Loof.cpp">
      <Filter>02. GameObject\Stage\05. Effect\Doewole\Doewole_Loof</Filter>
    </ClCompile>
    <ClCompile Include="..\Code\MonsterBullet.cpp">
      <Filter>02. GameObject\Stage\04. Bullet\02. MonsterBullet</Filter>
    </ClCompile>
    <ClCompile Include="..\Code\MonsterBullet_2.cpp">
      <Filter>02. GameObject\Stage\04. Bullet\02. MonsterBullet</Filter>
    </ClCompile>
    <ClCompile Include="..\Code\FrontUi.cpp">
      <Filter>02. GameObject\Stage\09. FrontUi</Filter>
    </ClCompile>
    <ClCompile Include="..\Code\Status.cpp">
      <Filter>02. GameObject\Stage\09. FrontUi\01. Status</Filter>
    </ClCompile>
    <ClCompile Include="..\Code\Status_Energy.cpp">
      <Filter>02. GameObject\Stage\09. FrontUi\01. Status\02. Status_Energy</Filter>
    </ClCompile>
    <ClCompile Include="..\Code\Status_Hp.cpp">
      <Filter>02. GameObject\Stage\09. FrontUi\01. Status\01. Status_Hp</Filter>
    </ClCompile>
    <ClCompile Include="..\Code\Status_Key.cpp">
      <Filter>02. GameObject\Stage\09. FrontUi\01. Status\03. Status_Key</Filter>
    </ClCompile>
    <ClCompile Include="..\Code\Arrow.cpp">
      <Filter>02. GameObject\Stage\00. Player\02. Arrow</Filter>
    </ClCompile>
    <ClCompile Include="..\Code\SylphArrow.cpp">
      <Filter>02. GameObject\Stage\00. Player\02. Arrow\Sylph%27s Arrow</Filter>
    </ClCompile>
    <ClCompile Include="..\Code\Bow.cpp">
      <Filter>02. GameObject\Stage\00. Player\01. Bow</Filter>
    </ClCompile>
    <ClCompile Include="..\Code\SylphBow.cpp">
      <Filter>02. GameObject\Stage\00. Player\01. Bow\00.SylphBow</Filter>
    </ClCompile>
    <ClCompile Include="..\Code\SylphBowPair.cpp">
      <Filter>02. GameObject\Stage\00. Player\01. Bow\00.SylphBow\00.SylphBowPair</Filter>
    </ClCompile>
    <ClCompile Include="..\Code\Effect_Doewole_ChargeCircle.cpp">
      <Filter>02. GameObject\Stage\05. Effect\Doewole\Doewole_ChargeCircle</Filter>
    </ClCompile>
    <ClCompile Include="..\Code\DoewoleBullet_Standard.cpp">
      <Filter>02. GameObject\Stage\04. Bullet\03. DoewoleBullet\Standard</Filter>
    </ClCompile>
    <ClCompile Include="..\Code\DoewoleBullet_SwordShot.cpp">
      <Filter>02. GameObject\Stage\04. Bullet\03. DoewoleBullet\SwordShot</Filter>
    </ClCompile>
    <ClCompile Include="..\Code\DoewoleBullet_Circle.cpp">
      <Filter>02. GameObject\Stage\04. Bullet\03. DoewoleBullet\Circle</Filter>
    </ClCompile>
    <ClCompile Include="..\Code\Effect_Doewole_Slam.cpp">
      <Filter>02. GameObject\Stage\05. Effect\Doewole\Doewole_Slam</Filter>
    </ClCompile>
    <ClCompile Include="..\Code\Effect_AlertCircle.cpp">
      <Filter>02. GameObject\Stage\05. Effect\AlertCircle</Filter>
    </ClCompile>
    <ClCompile Include="..\Code\Effect_Player_Bow_Pulse.cpp">
      <Filter>02. GameObject\Stage\05. Effect\Player_Effect\00. Bow_Pulse</Filter>
    </ClCompile>
    <ClCompile Include="..\Code\Status_Money.cpp">
      <Filter>02. GameObject\Stage\09. FrontUi\01. Status\04. Status_Money</Filter>
    </ClCompile>
    <ClCompile Include="..\Code\Status_Gem.cpp">
      <Filter>02. GameObject\Stage\09. FrontUi\01. Status\05. Status_Gem</Filter>
    </ClCompile>
    <ClCompile Include="..\Code\Status_Back.cpp">
      <Filter>02. GameObject\Stage\09. FrontUi\01. Status\06. Status_Back</Filter>
    </ClCompile>
    <ClCompile Include="..\Code\Apostle.cpp">
      <Filter>02. GameObject\Stage\09. FrontUi\02. Apostle</Filter>
    </ClCompile>
    <ClCompile Include="..\Code\Apostle_Frame_Back.cpp">
      <Filter>02. GameObject\Stage\09. FrontUi\02. Apostle\05. Apostle_Frame_Back</Filter>
    </ClCompile>
    <ClCompile Include="..\Code\Apostle_Frame.cpp">
      <Filter>02. GameObject\Stage\09. FrontUi\02. Apostle\01. Apostle_Frame</Filter>
    </ClCompile>
    <ClCompile Include="..\Code\Apostle_Key_Q.cpp">
      <Filter>02. GameObject\Stage\09. FrontUi\02. Apostle\03. Apostle_Key_Q</Filter>
    </ClCompile>
    <ClCompile Include="..\Code\Apostle_Pattern.cpp">
      <Filter>02. GameObject\Stage\09. FrontUi\02. Apostle\02. Apostle_Pattern</Filter>
    </ClCompile>
    <ClCompile Include="..\Code\Apostle_Count.cpp">
      <Filter>02. GameObject\Stage\09. FrontUi\02. Apostle\04. Apostle_Count</Filter>
    </ClCompile>
    <ClCompile Include="..\Code\Apostle_Pattern_Glow.cpp">
      <Filter>02. GameObject\Stage\09. FrontUi\02. Apostle\06. Apostle_Glow</Filter>
    </ClCompile>
    <ClCompile Include="..\Code\QuickSlot.cpp">
      <Filter>02. GameObject\Stage\09. FrontUi\04. QuickSlot</Filter>
    </ClCompile>
    <ClCompile Include="..\Code\QuickSlot_WeaponImg_Back.cpp">
      <Filter>02. GameObject\Stage\09. FrontUi\04. QuickSlot\03. QuickSlot_WeaponImg_Back</Filter>
    </ClCompile>
    <ClCompile Include="..\Code\QuickSlot_WeaponImg.cpp">
      <Filter>02. GameObject\Stage\09. FrontUi\04. QuickSlot\01. QuickSlot_WeaponImg</Filter>
    </ClCompile>
    <ClCompile Include="..\Code\QuickSlot_ArrowCount_Infi.cpp">
      <Filter>02. GameObject\Stage\09. FrontUi\04. QuickSlot\02. QuickSlot_ArrowCount_Infi</Filter>
    </ClCompile>
    <ClCompile Include="..\Code\MiniMap.cpp">
      <Filter>02. GameObject\Stage\09. FrontUi\03. MiniMap</Filter>
    </ClCompile>
    <ClCompile Include="..\Code\MiniMap_Back.cpp">
      <Filter>02. GameObject\Stage\09. FrontUi\03. MiniMap\01. MiniMap_Back</Filter>
    </ClCompile>
    <ClCompile Include="..\Code\MiniMap_Gage.cpp">
      <Filter>02. GameObject\Stage\09. FrontUi\03. MiniMap\02. MiniMap_Gage</Filter>
    </ClCompile>
    <ClCompile Include="..\Code\Effect_Player_Bow_Charge.cpp">
      <Filter>02. GameObject\Stage\05. Effect\Player_Effect\01. Bow_Charge</Filter>
    </ClCompile>
    <ClCompile Include="..\Code\SylphChargeArrow.cpp">
      <Filter>02. GameObject\Stage\00. Player\02. Arrow\Sylph%27s Charge Arrow</Filter>
    </ClCompile>
    <ClCompile Include="..\Code\Effect_Player_Arrow_Hit.cpp">
      <Filter>02. GameObject\Stage\05. Effect\Player_Effect\02. Arrow_Hit</Filter>
    </ClCompile>
    <ClCompile Include="..\Code\Landscape.cpp">
      <Filter>02. GameObject\Stage\10. LandScape</Filter>
    </ClCompile>
    <ClCompile Include="..\Code\StaticObject.cpp">
      <Filter>02. GameObject\Stage\10. LandScape\00. StaticObject</Filter>
    </ClCompile>
    <ClCompile Include="..\Code\DynamicObject.cpp">
      <Filter>02. GameObject\Stage\10. LandScape\01. DynamicObject</Filter>
    </ClCompile>
    <ClCompile Include="..\Code\DoewoleBullet_SwordShot2.cpp">
      <Filter>02. GameObject\Stage\04. Bullet\03. DoewoleBullet\SwordShot2</Filter>
    </ClCompile>
    <ClCompile Include="..\Code\DoewoleBullet_Thorn.cpp">
      <Filter>02. GameObject\Stage\04. Bullet\03. DoewoleBullet\Thorn</Filter>
    </ClCompile>
    <ClCompile Include="..\Code\Effect_AlertRect.cpp">
      <Filter>02. GameObject\Stage\05. Effect\AlertRect</Filter>
    </ClCompile>
    <ClCompile Include="..\Code\Effect_Doewole_Hurt.cpp">
      <Filter>02. GameObject\Stage\05. Effect\Doewole\Doewole_Hurt</Filter>
    </ClCompile>
    <ClCompile Include="..\Code\KeyMgr.cpp">
      <Filter>03. Manager\KeyMgr</Filter>
    </ClCompile>
    <ClCompile Include="..\Code\Effect_Player_Damage_Font.cpp">
      <Filter>02. GameObject\Stage\05. Effect\Player_Effect\03. Damage_Font</Filter>
    </ClCompile>
    <ClCompile Include="..\Code\Effect_Player_Foot.cpp">
      <Filter>02. GameObject\Stage\05. Effect\Player_Effect\04.Effect_Foot</Filter>
    </ClCompile>
    <ClCompile Include="..\Code\Player_Shadow.cpp">
      <Filter>02. GameObject\Stage\00. Player\03. Shadow</Filter>
    </ClCompile>
  </ItemGroup>
  <ItemGroup>
    <ResourceCompile Include="Client.rc">
      <Filter>리소스 파일</Filter>
    </ResourceCompile>
  </ItemGroup>
  <ItemGroup>
    <Image Include="small.ico">
      <Filter>리소스 파일</Filter>
    </Image>
    <Image Include="Client.ico">
      <Filter>리소스 파일</Filter>
    </Image>
  </ItemGroup>
</Project>